// !$*UTF8*$!
{
	archiveVersion = 1;
	classes = {
	};
	objectVersion = 48;
	objects = {

/* Begin PBXBuildFile section */
		AE074CF6208CDEF400DBDF8F /* DataModel.xcdatamodeld in Sources */ = {isa = PBXBuildFile; fileRef = AE074CF4208CDEF400DBDF8F /* DataModel.xcdatamodeld */; };
		AE0E92F0208E5F8200EE6EF0 /* CategoryViewController.swift in Sources */ = {isa = PBXBuildFile; fileRef = AE0E92EF208E5F8200EE6EF0 /* CategoryViewController.swift */; };
		AEDCBF262058647A00CD5166 /* AppDelegate.swift in Sources */ = {isa = PBXBuildFile; fileRef = AEDCBF252058647A00CD5166 /* AppDelegate.swift */; };
		AEDCBF282058647A00CD5166 /* TodoListViewController.swift in Sources */ = {isa = PBXBuildFile; fileRef = AEDCBF272058647A00CD5166 /* TodoListViewController.swift */; };
		AEDCBF2B2058647A00CD5166 /* Main.storyboard in Resources */ = {isa = PBXBuildFile; fileRef = AEDCBF292058647A00CD5166 /* Main.storyboard */; };
		AEDCBF2D2058647A00CD5166 /* Assets.xcassets in Resources */ = {isa = PBXBuildFile; fileRef = AEDCBF2C2058647A00CD5166 /* Assets.xcassets */; };
		AEDCBF302058647A00CD5166 /* LaunchScreen.storyboard in Resources */ = {isa = PBXBuildFile; fileRef = AEDCBF2E2058647A00CD5166 /* LaunchScreen.storyboard */; };
/* End PBXBuildFile section */

/* Begin PBXFileReference section */
		AE074CF5208CDEF400DBDF8F /* DataModel.xcdatamodel */ = {isa = PBXFileReference; lastKnownFileType = wrapper.xcdatamodel; path = DataModel.xcdatamodel; sourceTree = "<group>"; };
		AE0E92EF208E5F8200EE6EF0 /* CategoryViewController.swift */ = {isa = PBXFileReference; lastKnownFileType = sourcecode.swift; path = CategoryViewController.swift; sourceTree = "<group>"; };
		AEDCBF222058647A00CD5166 /* Todoey.app */ = {isa = PBXFileReference; explicitFileType = wrapper.application; includeInIndex = 0; path = Todoey.app; sourceTree = BUILT_PRODUCTS_DIR; };
		AEDCBF252058647A00CD5166 /* AppDelegate.swift */ = {isa = PBXFileReference; lastKnownFileType = sourcecode.swift; path = AppDelegate.swift; sourceTree = "<group>"; };
		AEDCBF272058647A00CD5166 /* TodoListViewController.swift */ = {isa = PBXFileReference; lastKnownFileType = sourcecode.swift; path = TodoListViewController.swift; sourceTree = "<group>"; };
		AEDCBF2A2058647A00CD5166 /* Base */ = {isa = PBXFileReference; lastKnownFileType = file.storyboard; name = Base; path = Base.lproj/Main.storyboard; sourceTree = "<group>"; };
		AEDCBF2C2058647A00CD5166 /* Assets.xcassets */ = {isa = PBXFileReference; lastKnownFileType = folder.assetcatalog; path = Assets.xcassets; sourceTree = "<group>"; };
		AEDCBF2F2058647A00CD5166 /* Base */ = {isa = PBXFileReference; lastKnownFileType = file.storyboard; name = Base; path = Base.lproj/LaunchScreen.storyboard; sourceTree = "<group>"; };
		AEDCBF312058647A00CD5166 /* Info.plist */ = {isa = PBXFileReference; lastKnownFileType = text.plist.xml; path = Info.plist; sourceTree = "<group>"; };
/* End PBXFileReference section */

/* Begin PBXFrameworksBuildPhase section */
		AEDCBF1F2058647A00CD5166 /* Frameworks */ = {
			isa = PBXFrameworksBuildPhase;
			buildActionMask = 2147483647;
			files = (
			);
			runOnlyForDeploymentPostprocessing = 0;
		};
/* End PBXFrameworksBuildPhase section */

/* Begin PBXGroup section */
		AE9A3A10205EBD100073AF25 /* Data Model */ = {
			isa = PBXGroup;
			children = (
				AE074CF4208CDEF400DBDF8F /* DataModel.xcdatamodeld */,
			);
			path = "Data Model";
			sourceTree = "<group>";
		};
		AE9A3A11205EBD3E0073AF25 /* Controllers */ = {
			isa = PBXGroup;
			children = (
				AE0E92EF208E5F8200EE6EF0 /* CategoryViewController.swift */,
				AEDCBF272058647A00CD5166 /* TodoListViewController.swift */,
			);
			path = Controllers;
			sourceTree = "<group>";
		};
		AE9A3A12205EBD580073AF25 /* Views */ = {
			isa = PBXGroup;
			children = (
				AEDCBF292058647A00CD5166 /* Main.storyboard */,
			);
			path = Views;
			sourceTree = "<group>";
		};
		AE9A3A13205EBD8B0073AF25 /* Supporting Files */ = {
			isa = PBXGroup;
			children = (
				AEDCBF2C2058647A00CD5166 /* Assets.xcassets */,
				AEDCBF2E2058647A00CD5166 /* LaunchScreen.storyboard */,
			);
			path = "Supporting Files";
			sourceTree = "<group>";
		};
		AEDCBF192058647A00CD5166 = {
			isa = PBXGroup;
			children = (
				AEDCBF242058647A00CD5166 /* Todoey */,
				AEDCBF232058647A00CD5166 /* Products */,
			);
			sourceTree = "<group>";
		};
		AEDCBF232058647A00CD5166 /* Products */ = {
			isa = PBXGroup;
			children = (
				AEDCBF222058647A00CD5166 /* Todoey.app */,
			);
			name = Products;
			sourceTree = "<group>";
		};
		AEDCBF242058647A00CD5166 /* Todoey */ = {
			isa = PBXGroup;
			children = (
				AEDCBF252058647A00CD5166 /* AppDelegate.swift */,
				AE9A3A11205EBD3E0073AF25 /* Controllers */,
				AE9A3A12205EBD580073AF25 /* Views */,
				AE9A3A10205EBD100073AF25 /* Data Model */,
				AE9A3A13205EBD8B0073AF25 /* Supporting Files */,
				AEDCBF312058647A00CD5166 /* Info.plist */,
			);
			path = Todoey;
			sourceTree = "<group>";
		};
/* End PBXGroup section */

/* Begin PBXNativeTarget section */
		AEDCBF212058647A00CD5166 /* Todoey */ = {
			isa = PBXNativeTarget;
			buildConfigurationList = AEDCBF342058647A00CD5166 /* Build configuration list for PBXNativeTarget "Todoey" */;
			buildPhases = (
				AEDCBF1E2058647A00CD5166 /* Sources */,
				AEDCBF1F2058647A00CD5166 /* Frameworks */,
				AEDCBF202058647A00CD5166 /* Resources */,
			);
			buildRules = (
			);
			dependencies = (
			);
			name = Todoey;
			productName = Todoey;
			productReference = AEDCBF222058647A00CD5166 /* Todoey.app */;
			productType = "com.apple.product-type.application";
		};
/* End PBXNativeTarget section */

/* Begin PBXProject section */
		AEDCBF1A2058647A00CD5166 /* Project object */ = {
			isa = PBXProject;
			attributes = {
				LastSwiftUpdateCheck = 0920;
				LastUpgradeCheck = 0920;
				ORGANIZATIONNAME = Oli4Becker;
				TargetAttributes = {
					AEDCBF212058647A00CD5166 = {
						CreatedOnToolsVersion = 9.2;
						ProvisioningStyle = Automatic;
					};
				};
			};
			buildConfigurationList = AEDCBF1D2058647A00CD5166 /* Build configuration list for PBXProject "Todoey" */;
			compatibilityVersion = "Xcode 8.0";
			developmentRegion = en;
			hasScannedForEncodings = 0;
			knownRegions = (
				en,
				Base,
			);
			mainGroup = AEDCBF192058647A00CD5166;
			productRefGroup = AEDCBF232058647A00CD5166 /* Products */;
			projectDirPath = "";
			projectRoot = "";
			targets = (
				AEDCBF212058647A00CD5166 /* Todoey */,
			);
		};
/* End PBXProject section */

/* Begin PBXResourcesBuildPhase section */
		AEDCBF202058647A00CD5166 /* Resources */ = {
			isa = PBXResourcesBuildPhase;
			buildActionMask = 2147483647;
			files = (
				AEDCBF302058647A00CD5166 /* LaunchScreen.storyboard in Resources */,
				AEDCBF2D2058647A00CD5166 /* Assets.xcassets in Resources */,
				AEDCBF2B2058647A00CD5166 /* Main.storyboard in Resources */,
			);
			runOnlyForDeploymentPostprocessing = 0;
		};
/* End PBXResourcesBuildPhase section */

/* Begin PBXSourcesBuildPhase section */
		AEDCBF1E2058647A00CD5166 /* Sources */ = {
			isa = PBXSourcesBuildPhase;
			buildActionMask = 2147483647;
			files = (
				AE0E92F0208E5F8200EE6EF0 /* CategoryViewController.swift in Sources */,
				AEDCBF282058647A00CD5166 /* TodoListViewController.swift in Sources */,
				AE074CF6208CDEF400DBDF8F /* DataModel.xcdatamodeld in Sources */,
				AEDCBF262058647A00CD5166 /* AppDelegate.swift in Sources */,
			);
			runOnlyForDeploymentPostprocessing = 0;
		};
/* End PBXSourcesBuildPhase section */

/* Begin PBXVariantGroup section */
		AEDCBF292058647A00CD5166 /* Main.storyboard */ = {
			isa = PBXVariantGroup;
			children = (
				AEDCBF2A2058647A00CD5166 /* Base */,
			);
			name = Main.storyboard;
			sourceTree = "<group>";
		};
		AEDCBF2E2058647A00CD5166 /* LaunchScreen.storyboard */ = {
			isa = PBXVariantGroup;
			children = (
				AEDCBF2F2058647A00CD5166 /* Base */,
			);
			name = LaunchScreen.storyboard;
			sourceTree = "<group>";
		};
/* End PBXVariantGroup section */

/* Begin XCBuildConfiguration section */
		AEDCBF322058647A00CD5166 /* Debug */ = {
			isa = XCBuildConfiguration;
			buildSettings = {
				ALWAYS_SEARCH_USER_PATHS = NO;
				CLANG_ANALYZER_NONNULL = YES;
				CLANG_ANALYZER_NUMBER_OBJECT_CONVERSION = YES_AGGRESSIVE;
				CLANG_CXX_LANGUAGE_STANDARD = "gnu++14";
				CLANG_CXX_LIBRARY = "libc++";
				CLANG_ENABLE_MODULES = YES;
				CLANG_ENABLE_OBJC_ARC = YES;
				CLANG_WARN_BLOCK_CAPTURE_AUTORELEASING = YES;
				CLANG_WARN_BOOL_CONVERSION = YES;
				CLANG_WARN_COMMA = YES;
				CLANG_WARN_CONSTANT_CONVERSION = YES;
				CLANG_WARN_DIRECT_OBJC_ISA_USAGE = YES_ERROR;
				CLANG_WARN_DOCUMENTATION_COMMENTS = YES;
				CLANG_WARN_EMPTY_BODY = YES;
				CLANG_WARN_ENUM_CONVERSION = YES;
				CLANG_WARN_INFINITE_RECURSION = YES;
				CLANG_WARN_INT_CONVERSION = YES;
				CLANG_WARN_NON_LITERAL_NULL_CONVERSION = YES;
				CLANG_WARN_OBJC_LITERAL_CONVERSION = YES;
				CLANG_WARN_OBJC_ROOT_CLASS = YES_ERROR;
				CLANG_WARN_RANGE_LOOP_ANALYSIS = YES;
				CLANG_WARN_STRICT_PROTOTYPES = YES;
				CLANG_WARN_SUSPICIOUS_MOVE = YES;
				CLANG_WARN_UNGUARDED_AVAILABILITY = YES_AGGRESSIVE;
				CLANG_WARN_UNREACHABLE_CODE = YES;
				CLANG_WARN__DUPLICATE_METHOD_MATCH = YES;
				CODE_SIGN_IDENTITY = "iPhone Developer";
				COPY_PHASE_STRIP = NO;
				DEBUG_INFORMATION_FORMAT = dwarf;
				ENABLE_STRICT_OBJC_MSGSEND = YES;
				ENABLE_TESTABILITY = YES;
				GCC_C_LANGUAGE_STANDARD = gnu11;
				GCC_DYNAMIC_NO_PIC = NO;
				GCC_NO_COMMON_BLOCKS = YES;
				GCC_OPTIMIZATION_LEVEL = 0;
				GCC_PREPROCESSOR_DEFINITIONS = (
					"DEBUG=1",
					"$(inherited)",
				);
				GCC_WARN_64_TO_32_BIT_CONVERSION = YES;
				GCC_WARN_ABOUT_RETURN_TYPE = YES_ERROR;
				GCC_WARN_UNDECLARED_SELECTOR = YES;
				GCC_WARN_UNINITIALIZED_AUTOS = YES_AGGRESSIVE;
				GCC_WARN_UNUSED_FUNCTION = YES;
				GCC_WARN_UNUSED_VARIABLE = YES;
				IPHONEOS_DEPLOYMENT_TARGET = 11.2;
				MTL_ENABLE_DEBUG_INFO = YES;
				ONLY_ACTIVE_ARCH = YES;
				SDKROOT = iphoneos;
				SWIFT_ACTIVE_COMPILATION_CONDITIONS = DEBUG;
				SWIFT_OPTIMIZATION_LEVEL = "-Onone";
			};
			name = Debug;
		};
		AEDCBF332058647A00CD5166 /* Release */ = {
			isa = XCBuildConfiguration;
			buildSettings = {
				ALWAYS_SEARCH_USER_PATHS = NO;
				CLANG_ANALYZER_NONNULL = YES;
				CLANG_ANALYZER_NUMBER_OBJECT_CONVERSION = YES_AGGRESSIVE;
				CLANG_CXX_LANGUAGE_STANDARD = "gnu++14";
				CLANG_CXX_LIBRARY = "libc++";
				CLANG_ENABLE_MODULES = YES;
				CLANG_ENABLE_OBJC_ARC = YES;
				CLANG_WARN_BLOCK_CAPTURE_AUTORELEASING = YES;
				CLANG_WARN_BOOL_CONVERSION = YES;
				CLANG_WARN_COMMA = YES;
				CLANG_WARN_CONSTANT_CONVERSION = YES;
				CLANG_WARN_DIRECT_OBJC_ISA_USAGE = YES_ERROR;
				CLANG_WARN_DOCUMENTATION_COMMENTS = YES;
				CLANG_WARN_EMPTY_BODY = YES;
				CLANG_WARN_ENUM_CONVERSION = YES;
				CLANG_WARN_INFINITE_RECURSION = YES;
				CLANG_WARN_INT_CONVERSION = YES;
				CLANG_WARN_NON_LITERAL_NULL_CONVERSION = YES;
				CLANG_WARN_OBJC_LITERAL_CONVERSION = YES;
				CLANG_WARN_OBJC_ROOT_CLASS = YES_ERROR;
				CLANG_WARN_RANGE_LOOP_ANALYSIS = YES;
				CLANG_WARN_STRICT_PROTOTYPES = YES;
				CLANG_WARN_SUSPICIOUS_MOVE = YES;
				CLANG_WARN_UNGUARDED_AVAILABILITY = YES_AGGRESSIVE;
				CLANG_WARN_UNREACHABLE_CODE = YES;
				CLANG_WARN__DUPLICATE_METHOD_MATCH = YES;
				CODE_SIGN_IDENTITY = "iPhone Developer";
				COPY_PHASE_STRIP = NO;
				DEBUG_INFORMATION_FORMAT = "dwarf-with-dsym";
				ENABLE_NS_ASSERTIONS = NO;
				ENABLE_STRICT_OBJC_MSGSEND = YES;
				GCC_C_LANGUAGE_STANDARD = gnu11;
				GCC_NO_COMMON_BLOCKS = YES;
				GCC_WARN_64_TO_32_BIT_CONVERSION = YES;
				GCC_WARN_ABOUT_RETURN_TYPE = YES_ERROR;
				GCC_WARN_UNDECLARED_SELECTOR = YES;
				GCC_WARN_UNINITIALIZED_AUTOS = YES_AGGRESSIVE;
				GCC_WARN_UNUSED_FUNCTION = YES;
				GCC_WARN_UNUSED_VARIABLE = YES;
				IPHONEOS_DEPLOYMENT_TARGET = 11.2;
				MTL_ENABLE_DEBUG_INFO = NO;
				SDKROOT = iphoneos;
				SWIFT_OPTIMIZATION_LEVEL = "-Owholemodule";
				VALIDATE_PRODUCT = YES;
			};
			name = Release;
		};
		AEDCBF352058647A00CD5166 /* Debug */ = {
			isa = XCBuildConfiguration;
			buildSettings = {
				ASSETCATALOG_COMPILER_APPICON_NAME = AppIcon;
				CODE_SIGN_STYLE = Automatic;
				DEVELOPMENT_TEAM = EZS6NATXT3;
				INFOPLIST_FILE = Todoey/Info.plist;
				LD_RUNPATH_SEARCH_PATHS = "$(inherited) @executable_path/Frameworks";
				PRODUCT_BUNDLE_IDENTIFIER = li.pachyderme.Todoey;
				PRODUCT_NAME = "$(TARGET_NAME)";
				SWIFT_VERSION = 4.0;
				TARGETED_DEVICE_FAMILY = "1,2";
			};
			name = Debug;
		};
		AEDCBF362058647A00CD5166 /* Release */ = {
			isa = XCBuildConfiguration;
			buildSettings = {
				ASSETCATALOG_COMPILER_APPICON_NAME = AppIcon;
				CODE_SIGN_STYLE = Automatic;
				DEVELOPMENT_TEAM = EZS6NATXT3;
				INFOPLIST_FILE = Todoey/Info.plist;
				LD_RUNPATH_SEARCH_PATHS = "$(inherited) @executable_path/Frameworks";
				PRODUCT_BUNDLE_IDENTIFIER = li.pachyderme.Todoey;
				PRODUCT_NAME = "$(TARGET_NAME)";
				SWIFT_VERSION = 4.0;
				TARGETED_DEVICE_FAMILY = "1,2";
			};
			name = Release;
		};
/* End XCBuildConfiguration section */

/* Begin XCConfigurationList section */
		AEDCBF1D2058647A00CD5166 /* Build configuration list for PBXProject "Todoey" */ = {
			isa = XCConfigurationList;
			buildConfigurations = (
				AEDCBF322058647A00CD5166 /* Debug */,
				AEDCBF332058647A00CD5166 /* Release */,
			);
			defaultConfigurationIsVisible = 0;
			defaultConfigurationName = Release;
		};
		AEDCBF342058647A00CD5166 /* Build configuration list for PBXNativeTarget "Todoey" */ = {
			isa = XCConfigurationList;
			buildConfigurations = (
				AEDCBF352058647A00CD5166 /* Debug */,
				AEDCBF362058647A00CD5166 /* Release */,
			);
			defaultConfigurationIsVisible = 0;
			defaultConfigurationName = Release;
		};
/* End XCConfigurationList section */

/* Begin XCVersionGroup section */
		AE074CF4208CDEF400DBDF8F /* DataModel.xcdatamodeld */ = {
			isa = XCVersionGroup;
			children = (
				AE074CF5208CDEF400DBDF8F /* DataModel.xcdatamodel */,
			);
			currentVersion = AE074CF5208CDEF400DBDF8F /* DataModel.xcdatamodel */;
			path = DataModel.xcdatamodeld;
			sourceTree = "<group>";
			versionGroupType = wrapper.xcdatamodel;
		};
/* End XCVersionGroup section */
	};
	rootObject = AEDCBF1A2058647A00CD5166 /* Project object */;
}
